
Microsoft Visual Studio Solution File, Format Version 12.00
# Visual Studio Version 17
VisualStudioVersion = 17.1.32328.378
MinimumVisualStudioVersion = 10.0.40219.1
Project("{FAE04EC0-301F-11D3-BF4B-00C04F79EFBC}") = "ClientRPC", "ClientRPC\ClientRPC.csproj", "{EA41EC28-3C9E-4F71-9261-4C88BEC297C4}"
EndProject
Global
	GlobalSection(SolutionConfigurationPlatforms) = preSolution
		Debug|Any CPU = Debug|Any CPU
		Release|Any CPU = Release|Any CPU
	EndGlobalSection
	GlobalSection(ProjectConfigurationPlatforms) = postSolution
		{EA41EC28-3C9E-4F71-9261-4C88BEC297C4}.Debug|Any CPU.ActiveCfg = Debug|Any CPU
		{EA41EC28-3C9E-4F71-9261-4C88BEC297C4}.Debug|Any CPU.Build.0 = Debug|Any CPU
		{EA41EC28-3C9E-4F71-9261-4C88BEC297C4}.Release|Any CPU.ActiveCfg = Release|Any CPU
		{EA41EC28-3C9E-4F71-9261-4C88BEC297C4}.Release|Any CPU.Build.0 = Release|Any CPU
	EndGlobalSection
	GlobalSection(SolutionProperties) = preSolution
		HideSolutionNode = FALSE
	EndGlobalSection
	GlobalSection(ExtensibilityGlobals) = postSolution
		SolutionGuid = {1E9FBBE5-4167-4FB1-B3DC-92EDC23B8D3F}
	EndGlobalSection
EndGlobal
